
Microsoft Visual Studio Solution File, Format Version 12.00
# Visual Studio Version 17
VisualStudioVersion = 17.13.35931.197
MinimumVisualStudioVersion = 10.0.40219.1
Project("{FAE04EC0-301F-11D3-BF4B-00C04F79EFBC}") = "ChatClient", "ChatApp\ChatClient.csproj", "{EFCDA583-D1EB-4350-BAF6-1CA46976F919}"
EndProject
Project("{FAE04EC0-301F-11D3-BF4B-00C04F79EFBC}") = "ChatServer", "ChatServer\ChatServer.csproj", "{20A68ABF-750F-491F-BD70-16F00958D237}"
EndProject
Global
	GlobalSection(SolutionConfigurationPlatforms) = preSolution
		Debug|Any CPU = Debug|Any CPU
		Release|Any CPU = Release|Any CPU
	EndGlobalSection
	GlobalSection(ProjectConfigurationPlatforms) = postSolution
		{EFCDA583-D1EB-4350-BAF6-1CA46976F919}.Debug|Any CPU.ActiveCfg = Debug|Any CPU
		{EFCDA583-D1EB-4350-BAF6-1CA46976F919}.Debug|Any CPU.Build.0 = Debug|Any CPU
		{EFCDA583-D1EB-4350-BAF6-1CA46976F919}.Release|Any CPU.ActiveCfg = Release|Any CPU
		{EFCDA583-D1EB-4350-BAF6-1CA46976F919}.Release|Any CPU.Build.0 = Release|Any CPU
		{20A68ABF-750F-491F-BD70-16F00958D237}.Debug|Any CPU.ActiveCfg = Debug|Any CPU
		{20A68ABF-750F-491F-BD70-16F00958D237}.Debug|Any CPU.Build.0 = Debug|Any CPU
		{20A68ABF-750F-491F-BD70-16F00958D237}.Release|Any CPU.ActiveCfg = Release|Any CPU
		{20A68ABF-750F-491F-BD70-16F00958D237}.Release|Any CPU.Build.0 = Release|Any CPU
	EndGlobalSection
	GlobalSection(SolutionProperties) = preSolution
		HideSolutionNode = FALSE
	EndGlobalSection
	GlobalSection(ExtensibilityGlobals) = postSolution
		SolutionGuid = {6A62DE0F-A86C-44A8-A8EE-CC0CF272139A}
	EndGlobalSection
EndGlobal
